
Microsoft Visual Studio Solution File, Format Version 12.00
# Visual Studio Version 16
VisualStudioVersion = 16.0.32002.261
MinimumVisualStudioVersion = 10.0.40219.1
Project("{FAE04EC0-301F-11D3-BF4B-00C04F79EFBC}") = "DQS_Factory_Tool_V2.0", "DQS_Factory_Tool_V2.0\DQS_Factory_Tool_V2.0.csproj", "{BC10BCD5-12EE-4D21-B3AB-67528589477B}"
EndProject
Global
	GlobalSection(SolutionConfigurationPlatforms) = preSolution
		Debug|Any CPU = Debug|Any CPU
		Release|Any CPU = Release|Any CPU
	EndGlobalSection
	GlobalSection(ProjectConfigurationPlatforms) = postSolution
		{BC10BCD5-12EE-4D21-B3AB-67528589477B}.Debug|Any CPU.ActiveCfg = Debug|Any CPU
		{BC10BCD5-12EE-4D21-B3AB-67528589477B}.Debug|Any CPU.Build.0 = Debug|Any CPU
		{BC10BCD5-12EE-4D21-B3AB-67528589477B}.Release|Any CPU.ActiveCfg = Release|Any CPU
		{BC10BCD5-12EE-4D21-B3AB-67528589477B}.Release|Any CPU.Build.0 = Release|Any CPU
	EndGlobalSection
	GlobalSection(SolutionProperties) = preSolution
		HideSolutionNode = FALSE
	EndGlobalSection
	GlobalSection(ExtensibilityGlobals) = postSolution
		SolutionGuid = {947C6BF9-6809-4C2C-8D5D-FB67B778B8E3}
	EndGlobalSection
EndGlobal
